
Microsoft Visual Studio Solution File, Format Version 12.00
# Visual Studio Version 17
VisualStudioVersion = 17.12.35514.174
MinimumVisualStudioVersion = 10.0.40219.1
Project("{2150E333-8FDC-42A3-9474-1A3956D46DE8}") = "Task0", "Task0", "{69F69DE9-0C33-40B1-A8EA-C003D8BB0508}"
EndProject
Project("{FAE04EC0-301F-11D3-BF4B-00C04F79EFBC}") = "Tyuiu.VumaR.Sprint0.Task0.V0", "Tyuiu.VumaR.Sprint0.Task0.V0\Tyuiu.VumaR.Sprint0.Task0.V0.csproj", "{30B3A2CC-ABD6-4447-9D2C-F73AE9151D18}"
EndProject
Project("{2150E333-8FDC-42A3-9474-1A3956D46DE8}") = "Task1", "Task1", "{F64A5895-A659-4F2F-A3CF-07DE6D646ED6}"
EndProject
Project("{FAE04EC0-301F-11D3-BF4B-00C04F79EFBC}") = "Tyuiu.VumaR.Sprint0.Task1.V0", "Tyuiu.VumaR.Sprint0.Task1.V0\Tyuiu.VumaR.Sprint0.Task1.V0.csproj", "{0E5C5671-1DE0-4835-AFBA-3347A90E0476}"
EndProject
Project("{2150E333-8FDC-42A3-9474-1A3956D46DE8}") = "Task2", "Task2", "{8ACD5C48-8406-49D8-9162-A44768EA35E9}"
EndProject
Project("{FAE04EC0-301F-11D3-BF4B-00C04F79EFBC}") = "Tyuiu.VumaR.Sprint0.Task2.V0", "Tyuiu.VumaR.Sprint0.Task2.V0\Tyuiu.VumaR.Sprint0.Task2.V0.csproj", "{4AB69990-5BD0-4F14-98EF-3436DA5F228A}"
EndProject
Project("{FAE04EC0-301F-11D3-BF4B-00C04F79EFBC}") = "Tyuiu.VumaR.Sprint0.Task2.V0.Lib", "Tyuiu.VumaR.Sprint0.Task2.V0.Lib\Tyuiu.VumaR.Sprint0.Task2.V0.Lib.csproj", "{15194ED2-7581-4F13-B2E2-4717920FE33F}"
EndProject
Project("{FAE04EC0-301F-11D3-BF4B-00C04F79EFBC}") = "Tyuiu.VumaR.Sprint0.Task2.V0.Test", "Tyuiu.VumaR.Sprint0.Task2.V0.Test\Tyuiu.VumaR.Sprint0.Task2.V0.Test.csproj", "{0DD81DC1-503F-4D25-B988-F617EB4D959C}"
EndProject
Project("{2150E333-8FDC-42A3-9474-1A3956D46DE8}") = "Task3", "Task3", "{AF54E93F-5DF3-419D-9EFC-1612AC901E68}"
EndProject
Project("{FAE04EC0-301F-11D3-BF4B-00C04F79EFBC}") = "Tyuiu.VumaR.Sprint0.Task3.V0", "Tyuiu.VumaR.Sprint0.Task3.V0\Tyuiu.VumaR.Sprint0.Task3.V0.csproj", "{C8FBEF6B-5E22-48DE-831A-F56DD89EE763}"
EndProject
Project("{FAE04EC0-301F-11D3-BF4B-00C04F79EFBC}") = "Tyuiu.VumaR.Sprint0.Task3.V0.Lib", "Tyuiu.VumaR.Sprint0.Task3.V0.Lib\Tyuiu.VumaR.Sprint0.Task3.V0.Lib.csproj", "{312E3FBC-72E1-42FB-B853-D9FB87BDB820}"
EndProject
Project("{FAE04EC0-301F-11D3-BF4B-00C04F79EFBC}") = "Tyuiu.VumaR.Sprint0.Task3.V0.Test", "Tyuiu.VumaR.Sprint0.Task3.V0.Test\Tyuiu.VumaR.Sprint0.Task3.V0.Test.csproj", "{947D0BC4-ED9C-4006-89B7-1895774C51D3}"
EndProject
Project("{2150E333-8FDC-42A3-9474-1A3956D46DE8}") = "Task4", "Task4", "{7E8B7005-F322-4E4C-B1E3-1DBA05E1EAC7}"
EndProject
Project("{FAE04EC0-301F-11D3-BF4B-00C04F79EFBC}") = "Tyuiu.VumaR.Sprint0.Task4.V0", "Tyuiu.VumaR.Sprint0.Task4.V0\Tyuiu.VumaR.Sprint0.Task4.V0.csproj", "{0160DD60-7E1A-4D90-988A-C7AB84969B50}"
EndProject
Project("{FAE04EC0-301F-11D3-BF4B-00C04F79EFBC}") = "Tyuiu.VumaR.Sprint0.Task4.V0.Lib", "Tyuiu.VumaR.Sprint0.Task4.V0.Lib\Tyuiu.VumaR.Sprint0.Task4.V0.Lib.csproj", "{C1AE5D56-5882-4A5C-8F3F-BBF8F2118797}"
EndProject
Project("{FAE04EC0-301F-11D3-BF4B-00C04F79EFBC}") = "Tyuiu.VumaR.Sprint0.Task4.V0.Test", "Tyuiu.VumaR.Sprint0.Task4.V0.Test\Tyuiu.VumaR.Sprint0.Task4.V0.Test.csproj", "{DE07D95B-8817-4302-A78F-D35CA8D79815}"
EndProject
Project("{2150E333-8FDC-42A3-9474-1A3956D46DE8}") = "Task5", "Task5", "{8D7AA5F3-3AB4-4719-9F8F-43897474DFF9}"
EndProject
Project("{FAE04EC0-301F-11D3-BF4B-00C04F79EFBC}") = "Tyuiu.VumaR.Sprint0.Task5.V0", "Tyuiu.VumaR.Sprint0.Task5.V0\Tyuiu.VumaR.Sprint0.Task5.V0.csproj", "{8CA0CBF2-5076-4EAE-BE99-E50C6D252698}"
EndProject
Project("{FAE04EC0-301F-11D3-BF4B-00C04F79EFBC}") = "Tyuiu.VumaR.Sprint0.Task5.V0.Lib", "Tyuiu.VumaR.Sprint0.Task5.V0.Lib\Tyuiu.VumaR.Sprint0.Task5.V0.Lib.csproj", "{4A85F9A2-A4E4-4832-AA0C-1040DAAB353A}"
EndProject
Project("{FAE04EC0-301F-11D3-BF4B-00C04F79EFBC}") = "Tyuiu.VumaR.Sprint0.Task5.V0.Test", "Tyuiu.VumaR.Sprint0.Task5.V0.Test\Tyuiu.VumaR.Sprint0.Task5.V0.Test.csproj", "{C0CBDB81-7ECF-4691-A3A3-6F209F06EE21}"
EndProject
Project("{2150E333-8FDC-42A3-9474-1A3956D46DE8}") = "Task6", "Task6", "{62FD77AC-3E05-4DC8-A3B8-E3A9DD7BF89A}"
EndProject
Project("{FAE04EC0-301F-11D3-BF4B-00C04F79EFBC}") = "Tyuiu.VumaR.Sprint0.Task6.V0", "Tyuiu.VumaR.Sprint0.Task6.V0\Tyuiu.VumaR.Sprint0.Task6.V0.csproj", "{67C45561-8A45-4A21-9082-C0A3E79B919F}"
EndProject
Project("{FAE04EC0-301F-11D3-BF4B-00C04F79EFBC}") = "Tyuiu.VumaR.Sprint0.Task6.V0.Lib", "Tyuiu.VumaR.Sprint0.Task6.V0.Lib\Tyuiu.VumaR.Sprint0.Task6.V0.Lib.csproj", "{D8045258-5380-49C3-97F9-467A3568BED7}"
EndProject
Project("{FAE04EC0-301F-11D3-BF4B-00C04F79EFBC}") = "Tyuiu.VumaR.Sprint0.Task6.V0.Test", "Tyuiu.VumaR.Sprint0.Task6.V0.Test\Tyuiu.VumaR.Sprint0.Task6.V0.Test.csproj", "{5710F206-5EF8-4F13-B87B-493C505A17B1}"
EndProject
Global
	GlobalSection(SolutionConfigurationPlatforms) = preSolution
		Debug|Any CPU = Debug|Any CPU
		Release|Any CPU = Release|Any CPU
	EndGlobalSection
	GlobalSection(ProjectConfigurationPlatforms) = postSolution
		{30B3A2CC-ABD6-4447-9D2C-F73AE9151D18}.Debug|Any CPU.ActiveCfg = Debug|Any CPU
		{30B3A2CC-ABD6-4447-9D2C-F73AE9151D18}.Debug|Any CPU.Build.0 = Debug|Any CPU
		{30B3A2CC-ABD6-4447-9D2C-F73AE9151D18}.Release|Any CPU.ActiveCfg = Release|Any CPU
		{30B3A2CC-ABD6-4447-9D2C-F73AE9151D18}.Release|Any CPU.Build.0 = Release|Any CPU
		{0E5C5671-1DE0-4835-AFBA-3347A90E0476}.Debug|Any CPU.ActiveCfg = Debug|Any CPU
		{0E5C5671-1DE0-4835-AFBA-3347A90E0476}.Debug|Any CPU.Build.0 = Debug|Any CPU
		{0E5C5671-1DE0-4835-AFBA-3347A90E0476}.Release|Any CPU.ActiveCfg = Release|Any CPU
		{0E5C5671-1DE0-4835-AFBA-3347A90E0476}.Release|Any CPU.Build.0 = Release|Any CPU
		{4AB69990-5BD0-4F14-98EF-3436DA5F228A}.Debug|Any CPU.ActiveCfg = Debug|Any CPU
		{4AB69990-5BD0-4F14-98EF-3436DA5F228A}.Debug|Any CPU.Build.0 = Debug|Any CPU
		{4AB69990-5BD0-4F14-98EF-3436DA5F228A}.Release|Any CPU.ActiveCfg = Release|Any CPU
		{4AB69990-5BD0-4F14-98EF-3436DA5F228A}.Release|Any CPU.Build.0 = Release|Any CPU
		{15194ED2-7581-4F13-B2E2-4717920FE33F}.Debug|Any CPU.ActiveCfg = Debug|Any CPU
		{15194ED2-7581-4F13-B2E2-4717920FE33F}.Debug|Any CPU.Build.0 = Debug|Any CPU
		{15194ED2-7581-4F13-B2E2-4717920FE33F}.Release|Any CPU.ActiveCfg = Release|Any CPU
		{15194ED2-7581-4F13-B2E2-4717920FE33F}.Release|Any CPU.Build.0 = Release|Any CPU
		{0DD81DC1-503F-4D25-B988-F617EB4D959C}.Debug|Any CPU.ActiveCfg = Debug|Any CPU
		{0DD81DC1-503F-4D25-B988-F617EB4D959C}.Debug|Any CPU.Build.0 = Debug|Any CPU
		{0DD81DC1-503F-4D25-B988-F617EB4D959C}.Release|Any CPU.ActiveCfg = Release|Any CPU
		{0DD81DC1-503F-4D25-B988-F617EB4D959C}.Release|Any CPU.Build.0 = Release|Any CPU
		{C8FBEF6B-5E22-48DE-831A-F56DD89EE763}.Debug|Any CPU.ActiveCfg = Debug|Any CPU
		{C8FBEF6B-5E22-48DE-831A-F56DD89EE763}.Debug|Any CPU.Build.0 = Debug|Any CPU
		{C8FBEF6B-5E22-48DE-831A-F56DD89EE763}.Release|Any CPU.ActiveCfg = Release|Any CPU
		{C8FBEF6B-5E22-48DE-831A-F56DD89EE763}.Release|Any CPU.Build.0 = Release|Any CPU
		{312E3FBC-72E1-42FB-B853-D9FB87BDB820}.Debug|Any CPU.ActiveCfg = Debug|Any CPU
		{312E3FBC-72E1-42FB-B853-D9FB87BDB820}.Debug|Any CPU.Build.0 = Debug|Any CPU
		{312E3FBC-72E1-42FB-B853-D9FB87BDB820}.Release|Any CPU.ActiveCfg = Release|Any CPU
		{312E3FBC-72E1-42FB-B853-D9FB87BDB820}.Release|Any CPU.Build.0 = Release|Any CPU
		{947D0BC4-ED9C-4006-89B7-1895774C51D3}.Debug|Any CPU.ActiveCfg = Debug|Any CPU
		{947D0BC4-ED9C-4006-89B7-1895774C51D3}.Debug|Any CPU.Build.0 = Debug|Any CPU
		{947D0BC4-ED9C-4006-89B7-1895774C51D3}.Release|Any CPU.ActiveCfg = Release|Any CPU
		{947D0BC4-ED9C-4006-89B7-1895774C51D3}.Release|Any CPU.Build.0 = Release|Any CPU
		{0160DD60-7E1A-4D90-988A-C7AB84969B50}.Debug|Any CPU.ActiveCfg = Debug|Any CPU
		{0160DD60-7E1A-4D90-988A-C7AB84969B50}.Debug|Any CPU.Build.0 = Debug|Any CPU
		{0160DD60-7E1A-4D90-988A-C7AB84969B50}.Release|Any CPU.ActiveCfg = Release|Any CPU
		{0160DD60-7E1A-4D90-988A-C7AB84969B50}.Release|Any CPU.Build.0 = Release|Any CPU
		{C1AE5D56-5882-4A5C-8F3F-BBF8F2118797}.Debug|Any CPU.ActiveCfg = Debug|Any CPU
		{C1AE5D56-5882-4A5C-8F3F-BBF8F2118797}.Debug|Any CPU.Build.0 = Debug|Any CPU
		{C1AE5D56-5882-4A5C-8F3F-BBF8F2118797}.Release|Any CPU.ActiveCfg = Release|Any CPU
		{C1AE5D56-5882-4A5C-8F3F-BBF8F2118797}.Release|Any CPU.Build.0 = Release|Any CPU
		{DE07D95B-8817-4302-A78F-D35CA8D79815}.Debug|Any CPU.ActiveCfg = Debug|Any CPU
		{DE07D95B-8817-4302-A78F-D35CA8D79815}.Debug|Any CPU.Build.0 = Debug|Any CPU
		{DE07D95B-8817-4302-A78F-D35CA8D79815}.Release|Any CPU.ActiveCfg = Release|Any CPU
		{DE07D95B-8817-4302-A78F-D35CA8D79815}.Release|Any CPU.Build.0 = Release|Any CPU
		{8CA0CBF2-5076-4EAE-BE99-E50C6D252698}.Debug|Any CPU.ActiveCfg = Debug|Any CPU
		{8CA0CBF2-5076-4EAE-BE99-E50C6D252698}.Debug|Any CPU.Build.0 = Debug|Any CPU
		{8CA0CBF2-5076-4EAE-BE99-E50C6D252698}.Release|Any CPU.ActiveCfg = Release|Any CPU
		{8CA0CBF2-5076-4EAE-BE99-E50C6D252698}.Release|Any CPU.Build.0 = Release|Any CPU
		{4A85F9A2-A4E4-4832-AA0C-1040DAAB353A}.Debug|Any CPU.ActiveCfg = Debug|Any CPU
		{4A85F9A2-A4E4-4832-AA0C-1040DAAB353A}.Debug|Any CPU.Build.0 = Debug|Any CPU
		{4A85F9A2-A4E4-4832-AA0C-1040DAAB353A}.Release|Any CPU.ActiveCfg = Release|Any CPU
		{4A85F9A2-A4E4-4832-AA0C-1040DAAB353A}.Release|Any CPU.Build.0 = Release|Any CPU
		{C0CBDB81-7ECF-4691-A3A3-6F209F06EE21}.Debug|Any CPU.ActiveCfg = Debug|Any CPU
		{C0CBDB81-7ECF-4691-A3A3-6F209F06EE21}.Debug|Any CPU.Build.0 = Debug|Any CPU
		{C0CBDB81-7ECF-4691-A3A3-6F209F06EE21}.Release|Any CPU.ActiveCfg = Release|Any CPU
		{C0CBDB81-7ECF-4691-A3A3-6F209F06EE21}.Release|Any CPU.Build.0 = Release|Any CPU
		{67C45561-8A45-4A21-9082-C0A3E79B919F}.Debug|Any CPU.ActiveCfg = Debug|Any CPU
		{67C45561-8A45-4A21-9082-C0A3E79B919F}.Debug|Any CPU.Build.0 = Debug|Any CPU
		{67C45561-8A45-4A21-9082-C0A3E79B919F}.Release|Any CPU.ActiveCfg = Release|Any CPU
		{67C45561-8A45-4A21-9082-C0A3E79B919F}.Release|Any CPU.Build.0 = Release|Any CPU
		{D8045258-5380-49C3-97F9-467A3568BED7}.Debug|Any CPU.ActiveCfg = Debug|Any CPU
		{D8045258-5380-49C3-97F9-467A3568BED7}.Debug|Any CPU.Build.0 = Debug|Any CPU
		{D8045258-5380-49C3-97F9-467A3568BED7}.Release|Any CPU.ActiveCfg = Release|Any CPU
		{D8045258-5380-49C3-97F9-467A3568BED7}.Release|Any CPU.Build.0 = Release|Any CPU
		{5710F206-5EF8-4F13-B87B-493C505A17B1}.Debug|Any CPU.ActiveCfg = Debug|Any CPU
		{5710F206-5EF8-4F13-B87B-493C505A17B1}.Debug|Any CPU.Build.0 = Debug|Any CPU
		{5710F206-5EF8-4F13-B87B-493C505A17B1}.Release|Any CPU.ActiveCfg = Release|Any CPU
		{5710F206-5EF8-4F13-B87B-493C505A17B1}.Release|Any CPU.Build.0 = Release|Any CPU
	EndGlobalSection
	GlobalSection(SolutionProperties) = preSolution
		HideSolutionNode = FALSE
	EndGlobalSection
	GlobalSection(NestedProjects) = preSolution
		{30B3A2CC-ABD6-4447-9D2C-F73AE9151D18} = {69F69DE9-0C33-40B1-A8EA-C003D8BB0508}
		{0E5C5671-1DE0-4835-AFBA-3347A90E0476} = {F64A5895-A659-4F2F-A3CF-07DE6D646ED6}
		{4AB69990-5BD0-4F14-98EF-3436DA5F228A} = {8ACD5C48-8406-49D8-9162-A44768EA35E9}
		{15194ED2-7581-4F13-B2E2-4717920FE33F} = {8ACD5C48-8406-49D8-9162-A44768EA35E9}
		{0DD81DC1-503F-4D25-B988-F617EB4D959C} = {8ACD5C48-8406-49D8-9162-A44768EA35E9}
		{C8FBEF6B-5E22-48DE-831A-F56DD89EE763} = {AF54E93F-5DF3-419D-9EFC-1612AC901E68}
		{312E3FBC-72E1-42FB-B853-D9FB87BDB820} = {AF54E93F-5DF3-419D-9EFC-1612AC901E68}
		{947D0BC4-ED9C-4006-89B7-1895774C51D3} = {AF54E93F-5DF3-419D-9EFC-1612AC901E68}
		{0160DD60-7E1A-4D90-988A-C7AB84969B50} = {7E8B7005-F322-4E4C-B1E3-1DBA05E1EAC7}
		{C1AE5D56-5882-4A5C-8F3F-BBF8F2118797} = {7E8B7005-F322-4E4C-B1E3-1DBA05E1EAC7}
		{DE07D95B-8817-4302-A78F-D35CA8D79815} = {7E8B7005-F322-4E4C-B1E3-1DBA05E1EAC7}
		{8CA0CBF2-5076-4EAE-BE99-E50C6D252698} = {8D7AA5F3-3AB4-4719-9F8F-43897474DFF9}
		{4A85F9A2-A4E4-4832-AA0C-1040DAAB353A} = {8D7AA5F3-3AB4-4719-9F8F-43897474DFF9}
		{C0CBDB81-7ECF-4691-A3A3-6F209F06EE21} = {8D7AA5F3-3AB4-4719-9F8F-43897474DFF9}
		{67C45561-8A45-4A21-9082-C0A3E79B919F} = {62FD77AC-3E05-4DC8-A3B8-E3A9DD7BF89A}
		{D8045258-5380-49C3-97F9-467A3568BED7} = {62FD77AC-3E05-4DC8-A3B8-E3A9DD7BF89A}
		{5710F206-5EF8-4F13-B87B-493C505A17B1} = {62FD77AC-3E05-4DC8-A3B8-E3A9DD7BF89A}
	EndGlobalSection
EndGlobal
