
Microsoft Visual Studio Solution File, Format Version 12.00
# Visual Studio Version 17
VisualStudioVersion = 17.12.35514.174
MinimumVisualStudioVersion = 10.0.40219.1
Project("{2150E333-8FDC-42A3-9474-1A3956D46DE8}") = "Task0", "Task0", "{69F69DE9-0C33-40B1-A8EA-C003D8BB0508}"
EndProject
Project("{FAE04EC0-301F-11D3-BF4B-00C04F79EFBC}") = "Tyuiu.VumaR.Sprint0.Task0.V0", "Tyuiu.VumaR.Sprint0.Task0.V0\Tyuiu.VumaR.Sprint0.Task0.V0.csproj", "{30B3A2CC-ABD6-4447-9D2C-F73AE9151D18}"
EndProject
Project("{2150E333-8FDC-42A3-9474-1A3956D46DE8}") = "Task1", "Task1", "{F64A5895-A659-4F2F-A3CF-07DE6D646ED6}"
EndProject
Project("{FAE04EC0-301F-11D3-BF4B-00C04F79EFBC}") = "Tyuiu.VumaR.Sprint0.Task1.V0", "Tyuiu.VumaR.Sprint0.Task1.V0\Tyuiu.VumaR.Sprint0.Task1.V0.csproj", "{0E5C5671-1DE0-4835-AFBA-3347A90E0476}"
EndProject
Global
	GlobalSection(SolutionConfigurationPlatforms) = preSolution
		Debug|Any CPU = Debug|Any CPU
		Release|Any CPU = Release|Any CPU
	EndGlobalSection
	GlobalSection(ProjectConfigurationPlatforms) = postSolution
		{30B3A2CC-ABD6-4447-9D2C-F73AE9151D18}.Debug|Any CPU.ActiveCfg = Debug|Any CPU
		{30B3A2CC-ABD6-4447-9D2C-F73AE9151D18}.Debug|Any CPU.Build.0 = Debug|Any CPU
		{30B3A2CC-ABD6-4447-9D2C-F73AE9151D18}.Release|Any CPU.ActiveCfg = Release|Any CPU
		{30B3A2CC-ABD6-4447-9D2C-F73AE9151D18}.Release|Any CPU.Build.0 = Release|Any CPU
		{0E5C5671-1DE0-4835-AFBA-3347A90E0476}.Debug|Any CPU.ActiveCfg = Debug|Any CPU
		{0E5C5671-1DE0-4835-AFBA-3347A90E0476}.Debug|Any CPU.Build.0 = Debug|Any CPU
		{0E5C5671-1DE0-4835-AFBA-3347A90E0476}.Release|Any CPU.ActiveCfg = Release|Any CPU
		{0E5C5671-1DE0-4835-AFBA-3347A90E0476}.Release|Any CPU.Build.0 = Release|Any CPU
	EndGlobalSection
	GlobalSection(SolutionProperties) = preSolution
		HideSolutionNode = FALSE
	EndGlobalSection
	GlobalSection(NestedProjects) = preSolution
		{30B3A2CC-ABD6-4447-9D2C-F73AE9151D18} = {69F69DE9-0C33-40B1-A8EA-C003D8BB0508}
		{0E5C5671-1DE0-4835-AFBA-3347A90E0476} = {F64A5895-A659-4F2F-A3CF-07DE6D646ED6}
	EndGlobalSection
EndGlobal
